Microsoft Visual Studio Solution File, Format Version 11.00
# Visual Studio 2008

Project("{727FD4D0-CCAB-BAFA-3624-A488EB6A527E}") = "Joust", "Assembly-CSharp.csproj", "{B759E19A-2125-5963-B77C-AA79D2790698}"
EndProject
Project("{727FD4D0-CCAB-BAFA-3624-A488EB6A527E}") = "Joust", "Assembly-CSharp-Editor.csproj", "{C30CDD41-5E4A-6B93-0780-0FD38556A18B}"
EndProject
Global
	GlobalSection(SolutionConfigurationPlatforms) = preSolution
		Debug|Any CPU = Debug|Any CPU
		Release|Any CPU = Release|Any CPU
	EndGlobalSection
	GlobalSection(ProjectConfigurationPlatforms) = postSolution
		{B759E19A-2125-5963-B77C-AA79D2790698}.Debug|Any CPU.ActiveCfg = Debug|Any CPU
		{B759E19A-2125-5963-B77C-AA79D2790698}.Debug|Any CPU.Build.0 = Debug|Any CPU
		{B759E19A-2125-5963-B77C-AA79D2790698}.Release|Any CPU.ActiveCfg = Release|Any CPU
		{B759E19A-2125-5963-B77C-AA79D2790698}.Release|Any CPU.Build.0 = Release|Any CPU
		{C30CDD41-5E4A-6B93-0780-0FD38556A18B}.Debug|Any CPU.ActiveCfg = Debug|Any CPU
		{C30CDD41-5E4A-6B93-0780-0FD38556A18B}.Debug|Any CPU.Build.0 = Debug|Any CPU
		{C30CDD41-5E4A-6B93-0780-0FD38556A18B}.Release|Any CPU.ActiveCfg = Release|Any CPU
		{C30CDD41-5E4A-6B93-0780-0FD38556A18B}.Release|Any CPU.Build.0 = Release|Any CPU
	EndGlobalSection
	GlobalSection(SolutionProperties) = preSolution
		HideSolutionNode = FALSE
	EndGlobalSection
	GlobalSection(MonoDevelopProperties) = preSolution
		StartupItem = Assembly-CSharp.csproj
	EndGlobalSection
EndGlobal
